// !$*UTF8*$!
{
	archiveVersion = 1;
	classes = {
	};
	objectVersion = 46;
	objects = {

/* Begin PBXBuildFile section */
		1E2B63091C6F2A39004F15E1 /* SlackBuilder.swift in Sources */ = {isa = PBXBuildFile; fileRef = 1E2B63081C6F2A39004F15E1 /* SlackBuilder.swift */; };
		1E379E141C6A49FC00830F0E /* Slack.h in Headers */ = {isa = PBXBuildFile; fileRef = 1E379E131C6A49FC00830F0E /* Slack.h */; settings = {ATTRIBUTES = (Public, ); }; };
		1E379E1B1C6A49FC00830F0E /* Slack.framework in Frameworks */ = {isa = PBXBuildFile; fileRef = 1E379E101C6A49FC00830F0E /* Slack.framework */; };
		1E379E201C6A49FC00830F0E /* SlackTests.swift in Sources */ = {isa = PBXBuildFile; fileRef = 1E379E1F1C6A49FC00830F0E /* SlackTests.swift */; };
		1E379E2B1C6A4C3B00830F0E /* Slack.swift in Sources */ = {isa = PBXBuildFile; fileRef = 1E379E2A1C6A4C3B00830F0E /* Slack.swift */; };
		1EA903BB1C6BA1910086CC3F /* AppDelegate.swift in Sources */ = {isa = PBXBuildFile; fileRef = 1EA903BA1C6BA1910086CC3F /* AppDelegate.swift */; };
		1EA903BD1C6BA1910086CC3F /* ViewController.swift in Sources */ = {isa = PBXBuildFile; fileRef = 1EA903BC1C6BA1910086CC3F /* ViewController.swift */; };
		1EA903C01C6BA1910086CC3F /* Main.storyboard in Resources */ = {isa = PBXBuildFile; fileRef = 1EA903BE1C6BA1910086CC3F /* Main.storyboard */; };
		1EA903C21C6BA1910086CC3F /* Assets.xcassets in Resources */ = {isa = PBXBuildFile; fileRef = 1EA903C11C6BA1910086CC3F /* Assets.xcassets */; };
		1EA903C51C6BA1910086CC3F /* LaunchScreen.storyboard in Resources */ = {isa = PBXBuildFile; fileRef = 1EA903C31C6BA1910086CC3F /* LaunchScreen.storyboard */; };
		1ED7DE0A1C772AAF007F2C2C /* AttachmentSample.swift in Sources */ = {isa = PBXBuildFile; fileRef = 1ED7DE091C772AAF007F2C2C /* AttachmentSample.swift */; };
/* End PBXBuildFile section */

/* Begin PBXContainerItemProxy section */
		1E379E1C1C6A49FC00830F0E /* PBXContainerItemProxy */ = {
			isa = PBXContainerItemProxy;
			containerPortal = 1E379E071C6A49FC00830F0E /* Project object */;
			proxyType = 1;
			remoteGlobalIDString = 1E379E0F1C6A49FC00830F0E;
			remoteInfo = Slack;
		};
/* End PBXContainerItemProxy section */

/* Begin PBXFileReference section */
		1E2B63081C6F2A39004F15E1 /* SlackBuilder.swift */ = {isa = PBXFileReference; fileEncoding = 4; lastKnownFileType = sourcecode.swift; path = SlackBuilder.swift; sourceTree = "<group>"; };
		1E379E101C6A49FC00830F0E /* Slack.framework */ = {isa = PBXFileReference; explicitFileType = wrapper.framework; includeInIndex = 0; path = Slack.framework; sourceTree = BUILT_PRODUCTS_DIR; };
		1E379E131C6A49FC00830F0E /* Slack.h */ = {isa = PBXFileReference; lastKnownFileType = sourcecode.c.h; path = Slack.h; sourceTree = "<group>"; };
		1E379E151C6A49FC00830F0E /* Info.plist */ = {isa = PBXFileReference; lastKnownFileType = text.plist.xml; path = Info.plist; sourceTree = "<group>"; };
		1E379E1A1C6A49FC00830F0E /* SlackTests.xctest */ = {isa = PBXFileReference; explicitFileType = wrapper.cfbundle; includeInIndex = 0; path = SlackTests.xctest; sourceTree = BUILT_PRODUCTS_DIR; };
		1E379E1F1C6A49FC00830F0E /* SlackTests.swift */ = {isa = PBXFileReference; lastKnownFileType = sourcecode.swift; path = SlackTests.swift; sourceTree = "<group>"; };
		1E379E211C6A49FC00830F0E /* Info.plist */ = {isa = PBXFileReference; lastKnownFileType = text.plist.xml; path = Info.plist; sourceTree = "<group>"; };
		1E379E2A1C6A4C3B00830F0E /* Slack.swift */ = {isa = PBXFileReference; fileEncoding = 4; lastKnownFileType = sourcecode.swift; path = Slack.swift; sourceTree = "<group>"; };
		1EA903B81C6BA1910086CC3F /* Example.app */ = {isa = PBXFileReference; explicitFileType = wrapper.application; includeInIndex = 0; path = Example.app; sourceTree = BUILT_PRODUCTS_DIR; };
		1EA903BA1C6BA1910086CC3F /* AppDelegate.swift */ = {isa = PBXFileReference; lastKnownFileType = sourcecode.swift; path = AppDelegate.swift; sourceTree = "<group>"; };
		1EA903BC1C6BA1910086CC3F /* ViewController.swift */ = {isa = PBXFileReference; lastKnownFileType = sourcecode.swift; path = ViewController.swift; sourceTree = "<group>"; };
		1EA903BF1C6BA1910086CC3F /* Base */ = {isa = PBXFileReference; lastKnownFileType = file.storyboard; name = Base; path = Base.lproj/Main.storyboard; sourceTree = "<group>"; };
		1EA903C11C6BA1910086CC3F /* Assets.xcassets */ = {isa = PBXFileReference; lastKnownFileType = folder.assetcatalog; path = Assets.xcassets; sourceTree = "<group>"; };
		1EA903C41C6BA1910086CC3F /* Base */ = {isa = PBXFileReference; lastKnownFileType = file.storyboard; name = Base; path = Base.lproj/LaunchScreen.storyboard; sourceTree = "<group>"; };
		1EA903C61C6BA1910086CC3F /* Info.plist */ = {isa = PBXFileReference; lastKnownFileType = text.plist.xml; path = Info.plist; sourceTree = "<group>"; };
		1ED7DE091C772AAF007F2C2C /* AttachmentSample.swift */ = {isa = PBXFileReference; fileEncoding = 4; lastKnownFileType = sourcecode.swift; path = AttachmentSample.swift; sourceTree = "<group>"; };
/* End PBXFileReference section */

/* Begin PBXFrameworksBuildPhase section */
		1E379E0C1C6A49FC00830F0E /* Frameworks */ = {
			isa = PBXFrameworksBuildPhase;
			buildActionMask = 2147483647;
			files = (
			);
			runOnlyForDeploymentPostprocessing = 0;
		};
		1E379E171C6A49FC00830F0E /* Frameworks */ = {
			isa = PBXFrameworksBuildPhase;
			buildActionMask = 2147483647;
			files = (
				1E379E1B1C6A49FC00830F0E /* Slack.framework in Frameworks */,
			);
			runOnlyForDeploymentPostprocessing = 0;
		};
		1EA903B51C6BA1910086CC3F /* Frameworks */ = {
			isa = PBXFrameworksBuildPhase;
			buildActionMask = 2147483647;
			files = (
			);
			runOnlyForDeploymentPostprocessing = 0;
		};
/* End PBXFrameworksBuildPhase section */

/* Begin PBXGroup section */
		1E379E061C6A49FC00830F0E = {
			isa = PBXGroup;
			children = (
				1E379E121C6A49FC00830F0E /* Slack */,
				1E379E1E1C6A49FC00830F0E /* SlackTests */,
				1EA903B91C6BA1910086CC3F /* Example */,
				1E379E111C6A49FC00830F0E /* Products */,
			);
			sourceTree = "<group>";
		};
		1E379E111C6A49FC00830F0E /* Products */ = {
			isa = PBXGroup;
			children = (
				1E379E101C6A49FC00830F0E /* Slack.framework */,
				1E379E1A1C6A49FC00830F0E /* SlackTests.xctest */,
				1EA903B81C6BA1910086CC3F /* Example.app */,
			);
			name = Products;
			sourceTree = "<group>";
		};
		1E379E121C6A49FC00830F0E /* Slack */ = {
			isa = PBXGroup;
			children = (
				1E379E131C6A49FC00830F0E /* Slack.h */,
				1E379E2A1C6A4C3B00830F0E /* Slack.swift */,
				1E2B63081C6F2A39004F15E1 /* SlackBuilder.swift */,
				1E379E151C6A49FC00830F0E /* Info.plist */,
			);
			path = Slack;
			sourceTree = "<group>";
		};
		1E379E1E1C6A49FC00830F0E /* SlackTests */ = {
			isa = PBXGroup;
			children = (
				1E379E1F1C6A49FC00830F0E /* SlackTests.swift */,
				1E379E211C6A49FC00830F0E /* Info.plist */,
			);
			path = SlackTests;
			sourceTree = "<group>";
		};
		1EA903B91C6BA1910086CC3F /* Example */ = {
			isa = PBXGroup;
			children = (
				1EA903BA1C6BA1910086CC3F /* AppDelegate.swift */,
				1EA903BC1C6BA1910086CC3F /* ViewController.swift */,
				1ED7DE091C772AAF007F2C2C /* AttachmentSample.swift */,
				1EA903BE1C6BA1910086CC3F /* Main.storyboard */,
				1EA903C11C6BA1910086CC3F /* Assets.xcassets */,
				1EA903C31C6BA1910086CC3F /* LaunchScreen.storyboard */,
				1EA903C61C6BA1910086CC3F /* Info.plist */,
			);
			path = Example;
			sourceTree = "<group>";
		};
/* End PBXGroup section */

/* Begin PBXHeadersBuildPhase section */
		1E379E0D1C6A49FC00830F0E /* Headers */ = {
			isa = PBXHeadersBuildPhase;
			buildActionMask = 2147483647;
			files = (
				1E379E141C6A49FC00830F0E /* Slack.h in Headers */,
			);
			runOnlyForDeploymentPostprocessing = 0;
		};
/* End PBXHeadersBuildPhase section */

/* Begin PBXNativeTarget section */
		1E379E0F1C6A49FC00830F0E /* Slack */ = {
			isa = PBXNativeTarget;
			buildConfigurationList = 1E379E241C6A49FC00830F0E /* Build configuration list for PBXNativeTarget "Slack" */;
			buildPhases = (
				1E379E0B1C6A49FC00830F0E /* Sources */,
				1E379E0C1C6A49FC00830F0E /* Frameworks */,
				1E379E0D1C6A49FC00830F0E /* Headers */,
				1E379E0E1C6A49FC00830F0E /* Resources */,
			);
			buildRules = (
			);
			dependencies = (
			);
			name = Slack;
			productName = Slack;
			productReference = 1E379E101C6A49FC00830F0E /* Slack.framework */;
			productType = "com.apple.product-type.framework";
		};
		1E379E191C6A49FC00830F0E /* SlackTests */ = {
			isa = PBXNativeTarget;
			buildConfigurationList = 1E379E271C6A49FC00830F0E /* Build configuration list for PBXNativeTarget "SlackTests" */;
			buildPhases = (
				1E379E161C6A49FC00830F0E /* Sources */,
				1E379E171C6A49FC00830F0E /* Frameworks */,
				1E379E181C6A49FC00830F0E /* Resources */,
			);
			buildRules = (
			);
			dependencies = (
				1E379E1D1C6A49FC00830F0E /* PBXTargetDependency */,
			);
			name = SlackTests;
			productName = SlackTests;
			productReference = 1E379E1A1C6A49FC00830F0E /* SlackTests.xctest */;
			productType = "com.apple.product-type.bundle.unit-test";
		};
		1EA903B71C6BA1910086CC3F /* Example */ = {
			isa = PBXNativeTarget;
			buildConfigurationList = 1EA903C91C6BA1910086CC3F /* Build configuration list for PBXNativeTarget "Example" */;
			buildPhases = (
				1EA903B41C6BA1910086CC3F /* Sources */,
				1EA903B51C6BA1910086CC3F /* Frameworks */,
				1EA903B61C6BA1910086CC3F /* Resources */,
			);
			buildRules = (
			);
			dependencies = (
			);
			name = Example;
			productName = Example;
			productReference = 1EA903B81C6BA1910086CC3F /* Example.app */;
			productType = "com.apple.product-type.application";
		};
/* End PBXNativeTarget section */

/* Begin PBXProject section */
		1E379E071C6A49FC00830F0E /* Project object */ = {
			isa = PBXProject;
			attributes = {
				LastSwiftUpdateCheck = 0720;
				LastUpgradeCheck = 0720;
				ORGANIZATIONNAME = to4iki;
				TargetAttributes = {
					1E379E0F1C6A49FC00830F0E = {
						CreatedOnToolsVersion = 7.2.1;
						DevelopmentTeam = KX9834768X;
					};
					1E379E191C6A49FC00830F0E = {
						CreatedOnToolsVersion = 7.2.1;
						DevelopmentTeam = KX9834768X;
					};
					1EA903B71C6BA1910086CC3F = {
						CreatedOnToolsVersion = 7.2.1;
						DevelopmentTeam = KX9834768X;
					};
				};
			};
			buildConfigurationList = 1E379E0A1C6A49FC00830F0E /* Build configuration list for PBXProject "Slack" */;
			compatibilityVersion = "Xcode 3.2";
			developmentRegion = English;
			hasScannedForEncodings = 0;
			knownRegions = (
				en,
				Base,
			);
			mainGroup = 1E379E061C6A49FC00830F0E;
			productRefGroup = 1E379E111C6A49FC00830F0E /* Products */;
			projectDirPath = "";
			projectRoot = "";
			targets = (
				1E379E0F1C6A49FC00830F0E /* Slack */,
				1E379E191C6A49FC00830F0E /* SlackTests */,
				1EA903B71C6BA1910086CC3F /* Example */,
			);
		};
/* End PBXProject section */

/* Begin PBXResourcesBuildPhase section */
		1E379E0E1C6A49FC00830F0E /* Resources */ = {
			isa = PBXResourcesBuildPhase;
			buildActionMask = 2147483647;
			files = (
			);
			runOnlyForDeploymentPostprocessing = 0;
		};
		1E379E181C6A49FC00830F0E /* Resources */ = {
			isa = PBXResourcesBuildPhase;
			buildActionMask = 2147483647;
			files = (
			);
			runOnlyForDeploymentPostprocessing = 0;
		};
		1EA903B61C6BA1910086CC3F /* Resources */ = {
			isa = PBXResourcesBuildPhase;
			buildActionMask = 2147483647;
			files = (
				1EA903C51C6BA1910086CC3F /* LaunchScreen.storyboard in Resources */,
				1EA903C21C6BA1910086CC3F /* Assets.xcassets in Resources */,
				1EA903C01C6BA1910086CC3F /* Main.storyboard in Resources */,
			);
			runOnlyForDeploymentPostprocessing = 0;
		};
/* End PBXResourcesBuildPhase section */

/* Begin PBXSourcesBuildPhase section */
		1E379E0B1C6A49FC00830F0E /* Sources */ = {
			isa = PBXSourcesBuildPhase;
			buildActionMask = 2147483647;
			files = (
				1E379E2B1C6A4C3B00830F0E /* Slack.swift in Sources */,
				1E2B63091C6F2A39004F15E1 /* SlackBuilder.swift in Sources */,
			);
			runOnlyForDeploymentPostprocessing = 0;
		};
		1E379E161C6A49FC00830F0E /* Sources */ = {
			isa = PBXSourcesBuildPhase;
			buildActionMask = 2147483647;
			files = (
				1E379E201C6A49FC00830F0E /* SlackTests.swift in Sources */,
			);
			runOnlyForDeploymentPostprocessing = 0;
		};
		1EA903B41C6BA1910086CC3F /* Sources */ = {
			isa = PBXSourcesBuildPhase;
			buildActionMask = 2147483647;
			files = (
				1EA903BD1C6BA1910086CC3F /* ViewController.swift in Sources */,
				1ED7DE0A1C772AAF007F2C2C /* AttachmentSample.swift in Sources */,
				1EA903BB1C6BA1910086CC3F /* AppDelegate.swift in Sources */,
			);
			runOnlyForDeploymentPostprocessing = 0;
		};
/* End PBXSourcesBuildPhase section */

/* Begin PBXTargetDependency section */
		1E379E1D1C6A49FC00830F0E /* PBXTargetDependency */ = {
			isa = PBXTargetDependency;
			target = 1E379E0F1C6A49FC00830F0E /* Slack */;
			targetProxy = 1E379E1C1C6A49FC00830F0E /* PBXContainerItemProxy */;
		};
/* End PBXTargetDependency section */

/* Begin PBXVariantGroup section */
		1EA903BE1C6BA1910086CC3F /* Main.storyboard */ = {
			isa = PBXVariantGroup;
			children = (
				1EA903BF1C6BA1910086CC3F /* Base */,
			);
			name = Main.storyboard;
			sourceTree = "<group>";
		};
		1EA903C31C6BA1910086CC3F /* LaunchScreen.storyboard */ = {
			isa = PBXVariantGroup;
			children = (
				1EA903C41C6BA1910086CC3F /* Base */,
			);
			name = LaunchScreen.storyboard;
			sourceTree = "<group>";
		};
/* End PBXVariantGroup section */

/* Begin XCBuildConfiguration section */
		1E379E221C6A49FC00830F0E /* Debug */ = {
			isa = XCBuildConfiguration;
			buildSettings = {
				ALWAYS_SEARCH_USER_PATHS = NO;
				CLANG_CXX_LANGUAGE_STANDARD = "gnu++0x";
				CLANG_CXX_LIBRARY = "libc++";
				CLANG_ENABLE_MODULES = YES;
				CLANG_ENABLE_OBJC_ARC = YES;
				CLANG_WARN_BOOL_CONVERSION = YES;
				CLANG_WARN_CONSTANT_CONVERSION = YES;
				CLANG_WARN_DIRECT_OBJC_ISA_USAGE = YES_ERROR;
				CLANG_WARN_EMPTY_BODY = YES;
				CLANG_WARN_ENUM_CONVERSION = YES;
				CLANG_WARN_INT_CONVERSION = YES;
				CLANG_WARN_OBJC_ROOT_CLASS = YES_ERROR;
				CLANG_WARN_UNREACHABLE_CODE = YES;
				CLANG_WARN__DUPLICATE_METHOD_MATCH = YES;
				"CODE_SIGN_IDENTITY[sdk=iphoneos*]" = "iPhone Developer";
				COPY_PHASE_STRIP = NO;
				CURRENT_PROJECT_VERSION = 1;
				DEBUG_INFORMATION_FORMAT = dwarf;
				ENABLE_STRICT_OBJC_MSGSEND = YES;
				ENABLE_TESTABILITY = YES;
				GCC_C_LANGUAGE_STANDARD = gnu99;
				GCC_DYNAMIC_NO_PIC = NO;
				GCC_NO_COMMON_BLOCKS = YES;
				GCC_OPTIMIZATION_LEVEL = 0;
				GCC_PREPROCESSOR_DEFINITIONS = (
					"DEBUG=1",
					"$(inherited)",
				);
				GCC_WARN_64_TO_32_BIT_CONVERSION = YES;
				GCC_WARN_ABOUT_RETURN_TYPE = YES_ERROR;
				GCC_WARN_UNDECLARED_SELECTOR = YES;
				GCC_WARN_UNINITIALIZED_AUTOS = YES_AGGRESSIVE;
				GCC_WARN_UNUSED_FUNCTION = YES;
				GCC_WARN_UNUSED_VARIABLE = YES;
				IPHONEOS_DEPLOYMENT_TARGET = 9.2;
				MTL_ENABLE_DEBUG_INFO = YES;
				ONLY_ACTIVE_ARCH = YES;
				SDKROOT = iphoneos;
				SWIFT_OPTIMIZATION_LEVEL = "-Onone";
				TARGETED_DEVICE_FAMILY = "1,2";
				VERSIONING_SYSTEM = "apple-generic";
				VERSION_INFO_PREFIX = "";
			};
			name = Debug;
		};
		1E379E231C6A49FC00830F0E /* Release */ = {
			isa = XCBuildConfiguration;
			buildSettings = {
				ALWAYS_SEARCH_USER_PATHS = NO;
				CLANG_CXX_LANGUAGE_STANDARD = "gnu++0x";
				CLANG_CXX_LIBRARY = "libc++";
				CLANG_ENABLE_MODULES = YES;
				CLANG_ENABLE_OBJC_ARC = YES;
				CLANG_WARN_BOOL_CONVERSION = YES;
				CLANG_WARN_CONSTANT_CONVERSION = YES;
				CLANG_WARN_DIRECT_OBJC_ISA_USAGE = YES_ERROR;
				CLANG_WARN_EMPTY_BODY = YES;
				CLANG_WARN_ENUM_CONVERSION = YES;
				CLANG_WARN_INT_CONVERSION = YES;
				CLANG_WARN_OBJC_ROOT_CLASS = YES_ERROR;
				CLANG_WARN_UNREACHABLE_CODE = YES;
				CLANG_WARN__DUPLICATE_METHOD_MATCH = YES;
				"CODE_SIGN_IDENTITY[sdk=iphoneos*]" = "iPhone Developer";
				COPY_PHASE_STRIP = NO;
				CURRENT_PROJECT_VERSION = 1;
				DEBUG_INFORMATION_FORMAT = "dwarf-with-dsym";
				ENABLE_NS_ASSERTIONS = NO;
				ENABLE_STRICT_OBJC_MSGSEND = YES;
				GCC_C_LANGUAGE_STANDARD = gnu99;
				GCC_NO_COMMON_BLOCKS = YES;
				GCC_WARN_64_TO_32_BIT_CONVERSION = YES;
				GCC_WARN_ABOUT_RETURN_TYPE = YES_ERROR;
				GCC_WARN_UNDECLARED_SELECTOR = YES;
				GCC_WARN_UNINITIALIZED_AUTOS = YES_AGGRESSIVE;
				GCC_WARN_UNUSED_FUNCTION = YES;
				GCC_WARN_UNUSED_VARIABLE = YES;
				IPHONEOS_DEPLOYMENT_TARGET = 9.2;
				MTL_ENABLE_DEBUG_INFO = NO;
				SDKROOT = iphoneos;
				TARGETED_DEVICE_FAMILY = "1,2";
				VALIDATE_PRODUCT = YES;
				VERSIONING_SYSTEM = "apple-generic";
				VERSION_INFO_PREFIX = "";
			};
			name = Release;
		};
		1E379E251C6A49FC00830F0E /* Debug */ = {
			isa = XCBuildConfiguration;
			buildSettings = {
				CLANG_ENABLE_MODULES = YES;
				DEFINES_MODULE = YES;
				DYLIB_COMPATIBILITY_VERSION = 1;
				DYLIB_CURRENT_VERSION = 1;
				DYLIB_INSTALL_NAME_BASE = "@rpath";
				INFOPLIST_FILE = Slack/Info.plist;
				INSTALL_PATH = "$(LOCAL_LIBRARY_DIR)/Frameworks";
				LD_RUNPATH_SEARCH_PATHS = "$(inherited) @executable_path/Frameworks @loader_path/Frameworks";
				PRODUCT_BUNDLE_IDENTIFIER = com.github.to4iki.Slack;
				PRODUCT_NAME = "$(TARGET_NAME)";
				SKIP_INSTALL = YES;
				SWIFT_OPTIMIZATION_LEVEL = "-Onone";
			};
			name = Debug;
		};
		1E379E261C6A49FC00830F0E /* Release */ = {
			isa = XCBuildConfiguration;
			buildSettings = {
				CLANG_ENABLE_MODULES = YES;
				DEFINES_MODULE = YES;
				DYLIB_COMPATIBILITY_VERSION = 1;
				DYLIB_CURRENT_VERSION = 1;
				DYLIB_INSTALL_NAME_BASE = "@rpath";
				INFOPLIST_FILE = Slack/Info.plist;
				INSTALL_PATH = "$(LOCAL_LIBRARY_DIR)/Frameworks";
				LD_RUNPATH_SEARCH_PATHS = "$(inherited) @executable_path/Frameworks @loader_path/Frameworks";
				PRODUCT_BUNDLE_IDENTIFIER = com.github.to4iki.Slack;
				PRODUCT_NAME = "$(TARGET_NAME)";
				SKIP_INSTALL = YES;
			};
			name = Release;
		};
		1E379E281C6A49FC00830F0E /* Debug */ = {
			isa = XCBuildConfiguration;
			buildSettings = {
				INFOPLIST_FILE = SlackTests/Info.plist;
				LD_RUNPATH_SEARCH_PATHS = "$(inherited) @executable_path/Frameworks @loader_path/Frameworks";
				PRODUCT_BUNDLE_IDENTIFIER = com.github.to4iki.SlackTests;
				PRODUCT_NAME = "$(TARGET_NAME)";
			};
			name = Debug;
		};
		1E379E291C6A49FC00830F0E /* Release */ = {
			isa = XCBuildConfiguration;
			buildSettings = {
				INFOPLIST_FILE = SlackTests/Info.plist;
				LD_RUNPATH_SEARCH_PATHS = "$(inherited) @executable_path/Frameworks @loader_path/Frameworks";
				PRODUCT_BUNDLE_IDENTIFIER = com.github.to4iki.SlackTests;
				PRODUCT_NAME = "$(TARGET_NAME)";
			};
			name = Release;
		};
		1EA903C71C6BA1910086CC3F /* Debug */ = {
			isa = XCBuildConfiguration;
			buildSettings = {
				ASSETCATALOG_COMPILER_APPICON_NAME = AppIcon;
				INFOPLIST_FILE = Example/Info.plist;
				LD_RUNPATH_SEARCH_PATHS = "$(inherited) @executable_path/Frameworks";
				PRODUCT_BUNDLE_IDENTIFIER = com.github.to4iki.Example;
				PRODUCT_NAME = "$(TARGET_NAME)";
			};
			name = Debug;
		};
		1EA903C81C6BA1910086CC3F /* Release */ = {
			isa = XCBuildConfiguration;
			buildSettings = {
				ASSETCATALOG_COMPILER_APPICON_NAME = AppIcon;
				INFOPLIST_FILE = Example/Info.plist;
				LD_RUNPATH_SEARCH_PATHS = "$(inherited) @executable_path/Frameworks";
				PRODUCT_BUNDLE_IDENTIFIER = com.github.to4iki.Example;
				PRODUCT_NAME = "$(TARGET_NAME)";
			};
			name = Release;
		};
/* End XCBuildConfiguration section */

/* Begin XCConfigurationList section */
		1E379E0A1C6A49FC00830F0E /* Build configuration list for PBXProject "Slack" */ = {
			isa = XCConfigurationList;
			buildConfigurations = (
				1E379E221C6A49FC00830F0E /* Debug */,
				1E379E231C6A49FC00830F0E /* Release */,
			);
			defaultConfigurationIsVisible = 0;
			defaultConfigurationName = Release;
		};
		1E379E241C6A49FC00830F0E /* Build configuration list for PBXNativeTarget "Slack" */ = {
			isa = XCConfigurationList;
			buildConfigurations = (
				1E379E251C6A49FC00830F0E /* Debug */,
				1E379E261C6A49FC00830F0E /* Release */,
			);
			defaultConfigurationIsVisible = 0;
			defaultConfigurationName = Release;
		};
		1E379E271C6A49FC00830F0E /* Build configuration list for PBXNativeTarget "SlackTests" */ = {
			isa = XCConfigurationList;
			buildConfigurations = (
				1E379E281C6A49FC00830F0E /* Debug */,
				1E379E291C6A49FC00830F0E /* Release */,
			);
			defaultConfigurationIsVisible = 0;
			defaultConfigurationName = Release;
		};
		1EA903C91C6BA1910086CC3F /* Build configuration list for PBXNativeTarget "Example" */ = {
			isa = XCConfigurationList;
			buildConfigurations = (
				1EA903C71C6BA1910086CC3F /* Debug */,
				1EA903C81C6BA1910086CC3F /* Release */,
			);
			defaultConfigurationIsVisible = 0;
			defaultConfigurationName = Release;
		};
/* End XCConfigurationList section */
	};
	rootObject = 1E379E071C6A49FC00830F0E /* Project object */;
}
